
Microsoft Visual Studio Solution File, Format Version 12.00
# Visual Studio Version 16
VisualStudioVersion = 16.0.29806.167
MinimumVisualStudioVersion = 10.0.40219.1
Project("{FAE04EC0-301F-11D3-BF4B-00C04F79EFBC}") = "TestCodeCounter", "TestCodeCounter.csproj", "{9E5B8544-9A40-45AA-A000-047EEF98E010}"
EndProject
Project("{FAE04EC0-301F-11D3-BF4B-00C04F79EFBC}") = "DevProjects", "..\DevProjects\DevProjects.csproj", "{27F48F76-11BE-4E53-A208-1081BCF546BF}"
EndProject
Project("{FAE04EC0-301F-11D3-BF4B-00C04F79EFBC}") = "BusinessObjects", "..\BusinessObjects\BusinessObjects.csproj", "{A847B310-12FE-4F61-9D71-3B69B6B5072B}"
EndProject
Project("{FAE04EC0-301F-11D3-BF4B-00C04F79EFBC}") = "DataHelpers", "..\DataHelpers\DataHelpers.csproj", "{D9B4D5FA-6A12-4E45-9AE5-1A55A300EF1A}"
EndProject
Project("{FAE04EC0-301F-11D3-BF4B-00C04F79EFBC}") = "CodeCounter", "..\CodeCounter\CodeCounter.csproj", "{553318DB-4F95-48AA-B004-B53912FD868F}"
EndProject
Global
	GlobalSection(SolutionConfigurationPlatforms) = preSolution
		Debug|Any CPU = Debug|Any CPU
		Release|Any CPU = Release|Any CPU
	EndGlobalSection
	GlobalSection(ProjectConfigurationPlatforms) = postSolution
		{9E5B8544-9A40-45AA-A000-047EEF98E010}.Debug|Any CPU.ActiveCfg = Debug|Any CPU
		{9E5B8544-9A40-45AA-A000-047EEF98E010}.Debug|Any CPU.Build.0 = Debug|Any CPU
		{9E5B8544-9A40-45AA-A000-047EEF98E010}.Release|Any CPU.ActiveCfg = Release|Any CPU
		{9E5B8544-9A40-45AA-A000-047EEF98E010}.Release|Any CPU.Build.0 = Release|Any CPU
		{27F48F76-11BE-4E53-A208-1081BCF546BF}.Debug|Any CPU.ActiveCfg = Debug|Any CPU
		{27F48F76-11BE-4E53-A208-1081BCF546BF}.Debug|Any CPU.Build.0 = Debug|Any CPU
		{27F48F76-11BE-4E53-A208-1081BCF546BF}.Release|Any CPU.ActiveCfg = Release|Any CPU
		{27F48F76-11BE-4E53-A208-1081BCF546BF}.Release|Any CPU.Build.0 = Release|Any CPU
		{A847B310-12FE-4F61-9D71-3B69B6B5072B}.Debug|Any CPU.ActiveCfg = Debug|Any CPU
		{A847B310-12FE-4F61-9D71-3B69B6B5072B}.Debug|Any CPU.Build.0 = Debug|Any CPU
		{A847B310-12FE-4F61-9D71-3B69B6B5072B}.Release|Any CPU.ActiveCfg = Release|Any CPU
		{A847B310-12FE-4F61-9D71-3B69B6B5072B}.Release|Any CPU.Build.0 = Release|Any CPU
		{D9B4D5FA-6A12-4E45-9AE5-1A55A300EF1A}.Debug|Any CPU.ActiveCfg = Debug|Any CPU
		{D9B4D5FA-6A12-4E45-9AE5-1A55A300EF1A}.Debug|Any CPU.Build.0 = Debug|Any CPU
		{D9B4D5FA-6A12-4E45-9AE5-1A55A300EF1A}.Release|Any CPU.ActiveCfg = Release|Any CPU
		{D9B4D5FA-6A12-4E45-9AE5-1A55A300EF1A}.Release|Any CPU.Build.0 = Release|Any CPU
		{553318DB-4F95-48AA-B004-B53912FD868F}.Debug|Any CPU.ActiveCfg = Debug|Any CPU
		{553318DB-4F95-48AA-B004-B53912FD868F}.Debug|Any CPU.Build.0 = Debug|Any CPU
		{553318DB-4F95-48AA-B004-B53912FD868F}.Release|Any CPU.ActiveCfg = Release|Any CPU
		{553318DB-4F95-48AA-B004-B53912FD868F}.Release|Any CPU.Build.0 = Release|Any CPU
	EndGlobalSection
	GlobalSection(SolutionProperties) = preSolution
		HideSolutionNode = FALSE
	EndGlobalSection
	GlobalSection(ExtensibilityGlobals) = postSolution
		SolutionGuid = {941496CB-91A1-4A6E-98BC-16C2EAD07797}
	EndGlobalSection
EndGlobal
